
Microsoft Visual Studio Solution File, Format Version 12.00
# Visual Studio 14
VisualStudioVersion = 14.0.25123.0
MinimumVisualStudioVersion = 10.0.40219.1
Project("{FAE04EC0-301F-11D3-BF4B-00C04F79EFBC}") = "BCClient", "BCClient\BCClient.csproj", "{08E7CB54-96F3-4D2A-B986-36DF6E9122BF}"
EndProject
Project("{2150E333-8FDC-42A3-9474-1A3956D46DE8}") = "Solution Items", "Solution Items", "{967A23F2-2F94-4F06-B198-60DC43ABAA76}"
	ProjectSection(SolutionItems) = preProject
		..\multichain-windows-1.0-beta-1\multichain-cli.exe = ..\multichain-windows-1.0-beta-1\multichain-cli.exe
		..\multichain-windows-1.0-beta-1\multichain-util.exe = ..\multichain-windows-1.0-beta-1\multichain-util.exe
		..\multichain-windows-1.0-beta-1\multichaind.exe = ..\multichain-windows-1.0-beta-1\multichaind.exe
	EndProjectSection
EndProject
Project("{FAE04EC0-301F-11D3-BF4B-00C04F79EFBC}") = "BCScanner", "BCScanner\BCScanner.csproj", "{8C5BF9DF-618F-49A1-B4F8-E2CF1EFFECAF}"
EndProject
Project("{FAE04EC0-301F-11D3-BF4B-00C04F79EFBC}") = "MultiChainLib", "MultiChainLib\MultiChainLib.csproj", "{F7C35562-FDD5-4124-86DF-B8BE94CF816D}"
EndProject
Global
	GlobalSection(SolutionConfigurationPlatforms) = preSolution
		Debug|Any CPU = Debug|Any CPU
		Release|Any CPU = Release|Any CPU
	EndGlobalSection
	GlobalSection(ProjectConfigurationPlatforms) = postSolution
		{08E7CB54-96F3-4D2A-B986-36DF6E9122BF}.Debug|Any CPU.ActiveCfg = Debug|Any CPU
		{08E7CB54-96F3-4D2A-B986-36DF6E9122BF}.Debug|Any CPU.Build.0 = Debug|Any CPU
		{08E7CB54-96F3-4D2A-B986-36DF6E9122BF}.Release|Any CPU.ActiveCfg = Release|Any CPU
		{08E7CB54-96F3-4D2A-B986-36DF6E9122BF}.Release|Any CPU.Build.0 = Release|Any CPU
		{8C5BF9DF-618F-49A1-B4F8-E2CF1EFFECAF}.Debug|Any CPU.ActiveCfg = Debug|Any CPU
		{8C5BF9DF-618F-49A1-B4F8-E2CF1EFFECAF}.Debug|Any CPU.Build.0 = Debug|Any CPU
		{8C5BF9DF-618F-49A1-B4F8-E2CF1EFFECAF}.Release|Any CPU.ActiveCfg = Release|Any CPU
		{8C5BF9DF-618F-49A1-B4F8-E2CF1EFFECAF}.Release|Any CPU.Build.0 = Release|Any CPU
		{F7C35562-FDD5-4124-86DF-B8BE94CF816D}.Debug|Any CPU.ActiveCfg = Debug|Any CPU
		{F7C35562-FDD5-4124-86DF-B8BE94CF816D}.Debug|Any CPU.Build.0 = Debug|Any CPU
		{F7C35562-FDD5-4124-86DF-B8BE94CF816D}.Release|Any CPU.ActiveCfg = Release|Any CPU
		{F7C35562-FDD5-4124-86DF-B8BE94CF816D}.Release|Any CPU.Build.0 = Release|Any CPU
	EndGlobalSection
	GlobalSection(SolutionProperties) = preSolution
		HideSolutionNode = FALSE
	EndGlobalSection
EndGlobal
